
Microsoft Visual Studio Solution File, Format Version 12.00
# Visual Studio Version 17
VisualStudioVersion = 17.3.32901.215
MinimumVisualStudioVersion = 10.0.40219.1
Project("{FAE04EC0-301F-11D3-BF4B-00C04F79EFBC}") = "EstoqueLab.UI", "EstoqueLab.UI\EstoqueLab.UI.csproj", "{BEDA0B06-88DC-4893-BD90-ABC7A8468BEF}"
EndProject
Project("{FAE04EC0-301F-11D3-BF4B-00C04F79EFBC}") = "EstoqueLab.Api", "EstoqueLab.Api\EstoqueLab.Api.csproj", "{44A84CCE-D369-4287-B8D2-92CAA98872DF}"
EndProject
Project("{2150E333-8FDC-42A3-9474-1A3956D46DE8}") = "1 - UI", "1 - UI", "{8EA78B84-95E2-4743-8A5E-7DA37FF1D12A}"
EndProject
Project("{2150E333-8FDC-42A3-9474-1A3956D46DE8}") = "2 - Services", "2 - Services", "{A07B1B5D-A0A7-470A-A2C7-477902878AD2}"
EndProject
Project("{2150E333-8FDC-42A3-9474-1A3956D46DE8}") = "3 - Application", "3 - Application", "{56BC723D-5CAA-4851-A517-6D542FA63F3D}"
EndProject
Project("{2150E333-8FDC-42A3-9474-1A3956D46DE8}") = "4 - Domain", "4 - Domain", "{24A1DD5F-7E11-45C2-80D6-7EDAF8683704}"
EndProject
Project("{2150E333-8FDC-42A3-9474-1A3956D46DE8}") = "5 - Infra", "5 - Infra", "{63398C2F-AB25-421A-8653-704EDB83C006}"
EndProject
Project("{2150E333-8FDC-42A3-9474-1A3956D46DE8}") = "5.1 - Data", "5.1 - Data", "{43AFF480-695A-493F-A247-00D556E0D171}"
EndProject
Project("{2150E333-8FDC-42A3-9474-1A3956D46DE8}") = "5.2 - Utils", "5.2 - Utils", "{8ED8D6C7-B2BB-4AAC-B6D0-2351EB6F65CC}"
EndProject
Project("{FAE04EC0-301F-11D3-BF4B-00C04F79EFBC}") = "EstoqueLab.Application", "EstoqueLab.Application\EstoqueLab.Application.csproj", "{A55657DD-2E04-406A-B44B-4CDF0D3E6036}"
EndProject
Project("{FAE04EC0-301F-11D3-BF4B-00C04F79EFBC}") = "EstoqueLab.Domain", "EstoqueLab.Domain\EstoqueLab.Domain.csproj", "{49693825-411C-4209-A0CC-98FCBEC6EA9D}"
EndProject
Project("{FAE04EC0-301F-11D3-BF4B-00C04F79EFBC}") = "EstoqueLab.Data", "EstoqueLab.Data\EstoqueLab.Data.csproj", "{14D25EED-CCC3-4F6A-ADE6-68F189A84EFA}"
EndProject
Project("{FAE04EC0-301F-11D3-BF4B-00C04F79EFBC}") = "EstoqueLab.Uteis", "EstoqueLab.Uteis\EstoqueLab.Uteis.csproj", "{2C5A4E42-25B3-49FA-996E-048E334955FC}"
EndProject
Global
	GlobalSection(SolutionConfigurationPlatforms) = preSolution
		Debug|Any CPU = Debug|Any CPU
		Release|Any CPU = Release|Any CPU
	EndGlobalSection
	GlobalSection(ProjectConfigurationPlatforms) = postSolution
		{BEDA0B06-88DC-4893-BD90-ABC7A8468BEF}.Debug|Any CPU.ActiveCfg = Debug|Any CPU
		{BEDA0B06-88DC-4893-BD90-ABC7A8468BEF}.Debug|Any CPU.Build.0 = Debug|Any CPU
		{BEDA0B06-88DC-4893-BD90-ABC7A8468BEF}.Release|Any CPU.ActiveCfg = Release|Any CPU
		{BEDA0B06-88DC-4893-BD90-ABC7A8468BEF}.Release|Any CPU.Build.0 = Release|Any CPU
		{44A84CCE-D369-4287-B8D2-92CAA98872DF}.Debug|Any CPU.ActiveCfg = Debug|Any CPU
		{44A84CCE-D369-4287-B8D2-92CAA98872DF}.Debug|Any CPU.Build.0 = Debug|Any CPU
		{44A84CCE-D369-4287-B8D2-92CAA98872DF}.Release|Any CPU.ActiveCfg = Release|Any CPU
		{44A84CCE-D369-4287-B8D2-92CAA98872DF}.Release|Any CPU.Build.0 = Release|Any CPU
		{A55657DD-2E04-406A-B44B-4CDF0D3E6036}.Debug|Any CPU.ActiveCfg = Debug|Any CPU
		{A55657DD-2E04-406A-B44B-4CDF0D3E6036}.Debug|Any CPU.Build.0 = Debug|Any CPU
		{A55657DD-2E04-406A-B44B-4CDF0D3E6036}.Release|Any CPU.ActiveCfg = Release|Any CPU
		{A55657DD-2E04-406A-B44B-4CDF0D3E6036}.Release|Any CPU.Build.0 = Release|Any CPU
		{49693825-411C-4209-A0CC-98FCBEC6EA9D}.Debug|Any CPU.ActiveCfg = Debug|Any CPU
		{49693825-411C-4209-A0CC-98FCBEC6EA9D}.Debug|Any CPU.Build.0 = Debug|Any CPU
		{49693825-411C-4209-A0CC-98FCBEC6EA9D}.Release|Any CPU.ActiveCfg = Release|Any CPU
		{49693825-411C-4209-A0CC-98FCBEC6EA9D}.Release|Any CPU.Build.0 = Release|Any CPU
		{14D25EED-CCC3-4F6A-ADE6-68F189A84EFA}.Debug|Any CPU.ActiveCfg = Debug|Any CPU
		{14D25EED-CCC3-4F6A-ADE6-68F189A84EFA}.Debug|Any CPU.Build.0 = Debug|Any CPU
		{14D25EED-CCC3-4F6A-ADE6-68F189A84EFA}.Release|Any CPU.ActiveCfg = Release|Any CPU
		{14D25EED-CCC3-4F6A-ADE6-68F189A84EFA}.Release|Any CPU.Build.0 = Release|Any CPU
		{2C5A4E42-25B3-49FA-996E-048E334955FC}.Debug|Any CPU.ActiveCfg = Debug|Any CPU
		{2C5A4E42-25B3-49FA-996E-048E334955FC}.Debug|Any CPU.Build.0 = Debug|Any CPU
		{2C5A4E42-25B3-49FA-996E-048E334955FC}.Release|Any CPU.ActiveCfg = Release|Any CPU
		{2C5A4E42-25B3-49FA-996E-048E334955FC}.Release|Any CPU.Build.0 = Release|Any CPU
	EndGlobalSection
	GlobalSection(SolutionProperties) = preSolution
		HideSolutionNode = FALSE
	EndGlobalSection
	GlobalSection(NestedProjects) = preSolution
		{BEDA0B06-88DC-4893-BD90-ABC7A8468BEF} = {8EA78B84-95E2-4743-8A5E-7DA37FF1D12A}
		{44A84CCE-D369-4287-B8D2-92CAA98872DF} = {A07B1B5D-A0A7-470A-A2C7-477902878AD2}
		{43AFF480-695A-493F-A247-00D556E0D171} = {63398C2F-AB25-421A-8653-704EDB83C006}
		{8ED8D6C7-B2BB-4AAC-B6D0-2351EB6F65CC} = {63398C2F-AB25-421A-8653-704EDB83C006}
		{A55657DD-2E04-406A-B44B-4CDF0D3E6036} = {56BC723D-5CAA-4851-A517-6D542FA63F3D}
		{49693825-411C-4209-A0CC-98FCBEC6EA9D} = {24A1DD5F-7E11-45C2-80D6-7EDAF8683704}
		{14D25EED-CCC3-4F6A-ADE6-68F189A84EFA} = {43AFF480-695A-493F-A247-00D556E0D171}
		{2C5A4E42-25B3-49FA-996E-048E334955FC} = {8ED8D6C7-B2BB-4AAC-B6D0-2351EB6F65CC}
	EndGlobalSection
	GlobalSection(ExtensibilityGlobals) = postSolution
		SolutionGuid = {D205ABF5-5690-4AD2-B287-A31A12807C6B}
	EndGlobalSection
EndGlobal
